
Microsoft Visual Studio Solution File, Format Version 12.00
# Visual Studio Version 17
VisualStudioVersion = 17.8.34525.116
MinimumVisualStudioVersion = 10.0.40219.1
Project("{8BC9CEB8-8B4A-11D0-8D11-00A0C91BC942}") = "hiii", "hiii.vcxproj", "{7D99C545-955D-49B2-BECB-084B03E49F59}"
EndProject
Global
	GlobalSection(SolutionConfigurationPlatforms) = preSolution
		Debug|x64 = Debug|x64
		Debug|x86 = Debug|x86
		Release|x64 = Release|x64
		Release|x86 = Release|x86
	EndGlobalSection
	GlobalSection(ProjectConfigurationPlatforms) = postSolution
		{7D99C545-955D-49B2-BECB-084B03E49F59}.Debug|x64.ActiveCfg = Debug|x64
		{7D99C545-955D-49B2-BECB-084B03E49F59}.Debug|x64.Build.0 = Debug|x64
		{7D99C545-955D-49B2-BECB-084B03E49F59}.Debug|x86.ActiveCfg = Debug|Win32
		{7D99C545-955D-49B2-BECB-084B03E49F59}.Debug|x86.Build.0 = Debug|Win32
		{7D99C545-955D-49B2-BECB-084B03E49F59}.Release|x64.ActiveCfg = Release|x64
		{7D99C545-955D-49B2-BECB-084B03E49F59}.Release|x64.Build.0 = Release|x64
		{7D99C545-955D-49B2-BECB-084B03E49F59}.Release|x86.ActiveCfg = Release|Win32
		{7D99C545-955D-49B2-BECB-084B03E49F59}.Release|x86.Build.0 = Release|Win32
	EndGlobalSection
	GlobalSection(SolutionProperties) = preSolution
		HideSolutionNode = FALSE
	EndGlobalSection
	GlobalSection(ExtensibilityGlobals) = postSolution
		SolutionGuid = {ECC3006B-A8CD-4868-9047-341D2771196C}
	EndGlobalSection
EndGlobal
